
Microsoft Visual Studio Solution File, Format Version 12.00
# Visual Studio Version 17
VisualStudioVersion = 17.6.33723.286
MinimumVisualStudioVersion = 10.0.40219.1
Project("{9A19103F-16F7-4668-BE54-9A1E7A4F7556}") = "minesweeper", "minesweeper\minesweeper.csproj", "{3C0DAAC3-FF73-4059-BE6F-53339F998158}"
EndProject
Global
	GlobalSection(SolutionConfigurationPlatforms) = preSolution
		Debug|Any CPU = Debug|Any CPU
		Release|Any CPU = Release|Any CPU
	EndGlobalSection
	GlobalSection(ProjectConfigurationPlatforms) = postSolution
		{3C0DAAC3-FF73-4059-BE6F-53339F998158}.Debug|Any CPU.ActiveCfg = Debug|Any CPU
		{3C0DAAC3-FF73-4059-BE6F-53339F998158}.Debug|Any CPU.Build.0 = Debug|Any CPU
		{3C0DAAC3-FF73-4059-BE6F-53339F998158}.Release|Any CPU.ActiveCfg = Release|Any CPU
		{3C0DAAC3-FF73-4059-BE6F-53339F998158}.Release|Any CPU.Build.0 = Release|Any CPU
	EndGlobalSection
	GlobalSection(SolutionProperties) = preSolution
		HideSolutionNode = FALSE
	EndGlobalSection
	GlobalSection(ExtensibilityGlobals) = postSolution
		SolutionGuid = {5B926663-9DB3-4EAB-B7B0-63748E415FF9}
	EndGlobalSection
EndGlobal
